{
  "name": "stretchly",
  "version": "0.17.0",
  "lockfileVersion": 1,
  "requires": true,
  "dependencies": {
    "@meetfranz/electron-notification-state": {
      "version": "1.0.0",
      "resolved": "https://registry.npmjs.org/@meetfranz/electron-notification-state/-/electron-notification-state-1.0.0.tgz",
      "integrity": "sha512-0gCEV7DfoasuMA9uY9sN1ufrzSFg/fXB0gHbxagid8EilAjGsbkSSLSl2rweZcIBz+ZgR35Yp7DlAVw/I3cIfA==",
      "requires": {
        "macos-notification-state": "^1.1.0",
        "windows-notification-state": "^1.3.0",
        "windows-quiet-hours": "^1.2.2"
      }
    },
    "@paulcbetts/system-idle-time": {
      "version": "1.0.4",
      "resolved": "https://registry.npmjs.org/@paulcbetts/system-idle-time/-/system-idle-time-1.0.4.tgz",
      "integrity": "sha1-F7J1UwF21yaVZGOAsTt5ckKIscY=",
      "requires": {
        "bindings": "~1.2.1",
        "nan": "^2.0.0"
      }
    },
    "argparse": {
      "version": "1.0.10",
      "resolved": "https://registry.npmjs.org/argparse/-/argparse-1.0.10.tgz",
      "integrity": "sha512-o5Roy6tNG4SL/FOkCAN6RzjiakZS25RLYFrcMttJqbdd8BWrnA+fGz57iN5Pb06pvBGvl5gQ0B48dJlslXvoTg==",
      "requires": {
        "sprintf-js": "~1.0.2"
      }
    },
    "bindings": {
      "version": "1.2.1",
      "resolved": "https://registry.npmjs.org/bindings/-/bindings-1.2.1.tgz",
      "integrity": "sha1-FK1hE4EtLTfXLme0ystLtyZQXxE="
    },
    "esprima": {
      "version": "4.0.1",
      "resolved": "https://registry.npmjs.org/esprima/-/esprima-4.0.1.tgz",
      "integrity": "sha512-eGuFFw7Upda+g4p+QHvnW0RyTX/SVeJBDM/gCtMARO0cLuT2HcEKnTPvhjV6aGeqrCB/sbNop0Kszm0jsaWU4A=="
    },
    "i18next": {
      "version": "11.9.1",
      "resolved": "https://registry.npmjs.org/i18next/-/i18next-11.9.1.tgz",
      "integrity": "sha512-sUAfCdKYi8EufO6B8aY5RF/hqweCpRKvbxUhlzlmlAr+LgJQ2kXe/5y02kaPu6ApFIiW5WOz8+3ehoy97LUtMw=="
    },
    "i18next-node-fs-backend": {
      "version": "2.1.0",
      "resolved": "https://registry.npmjs.org/i18next-node-fs-backend/-/i18next-node-fs-backend-2.1.0.tgz",
      "integrity": "sha512-ULb+uQYQj1njn/93cxkAtgrw9STCv1zEM8QySH24c0pFxw8ZJPCV9yq4zTqEWtKaNRd8apvzyr2euoV1k05SbA==",
      "requires": {
        "js-yaml": "3.12.0",
        "json5": "2.0.0"
      }
    },
    "js-yaml": {
      "version": "3.12.0",
      "resolved": "https://registry.npmjs.org/js-yaml/-/js-yaml-3.12.0.tgz",
      "integrity": "sha512-PIt2cnwmPfL4hKNwqeiuz4bKfnzHTBv6HyVgjahA6mPLwPDzjDWrplJBMjHUFxku/N3FlmrbyPclad+I+4mJ3A==",
      "requires": {
        "argparse": "^1.0.7",
        "esprima": "^4.0.0"
      }
    },
    "json5": {
      "version": "2.0.0",
      "resolved": "https://registry.npmjs.org/json5/-/json5-2.0.0.tgz",
      "integrity": "sha512-0EdQvHuLm7yJ7lyG5dp7Q3X2ku++BG5ZHaJ5FTnaXpKqDrw4pMxel5Bt3oAYMthnrthFBdnZ1FcsXTPyrQlV0w==",
      "requires": {
        "minimist": "^1.2.0"
      }
    },
    "macos-notification-state": {
      "version": "1.1.0",
      "resolved": "https://registry.npmjs.org/macos-notification-state/-/macos-notification-state-1.1.0.tgz",
      "integrity": "sha1-7llnHgXB7DiMCwkQHvYRyFtLTg4=",
      "requires": {
        "bindings": "^1.2.1",
        "nan": "^2.4.0"
      }
    },
    "minimist": {
      "version": "1.2.0",
      "resolved": "http://registry.npmjs.org/minimist/-/minimist-1.2.0.tgz",
      "integrity": "sha1-o1AIsg9BOD7sH7kU9M1d95omQoQ="
    },
    "moment": {
      "version": "2.22.2",
      "resolved": "https://registry.npmjs.org/moment/-/moment-2.22.2.tgz",
      "integrity": "sha1-PCV/mDn8DpP/UxSWMiOeuQeD/2Y="
    },
    "nan": {
      "version": "2.10.0",
      "resolved": "https://registry.npmjs.org/nan/-/nan-2.10.0.tgz",
      "integrity": "sha512-bAdJv7fBLhWC+/Bls0Oza+mvTaNQtP+1RyhhhvD95pgUJz6XM5IzgmxOkItJ9tkoCiplvAnXI1tNmmUD/eScyA=="
    },
    "sprintf-js": {
      "version": "1.0.3",
      "resolved": "https://registry.npmjs.org/sprintf-js/-/sprintf-js-1.0.3.tgz",
      "integrity": "sha1-BOaSb2YolTVPPdAVIDYzuFcpfiw="
    },
    "windows-notification-state": {
      "version": "1.3.0",
      "resolved": "https://registry.npmjs.org/windows-notification-state/-/windows-notification-state-1.3.0.tgz",
      "integrity": "sha1-n3J3guysjZIKQI8QJr5vjgj9kC4=",
      "requires": {
        "bindings": "^1.2.1",
        "nan": "^2.4.0"
      }
    },
    "windows-quiet-hours": {
      "version": "1.2.5",
      "resolved": "https://registry.npmjs.org/windows-quiet-hours/-/windows-quiet-hours-1.2.5.tgz",
      "integrity": "sha512-0JbfFw91Ys+A0vSR0pratoJgfTwWNFLHniu59dpOg1FC5IvpPSYQIATcQqhdy41HYSCijmT7Pyv9w0I2zC0+5w==",
      "requires": {
        "bindings": "^1.3.0",
        "nan": "^2.7.0"
      },
      "dependencies": {
        "bindings": {
          "version": "1.3.0",
          "resolved": "https://registry.npmjs.org/bindings/-/bindings-1.3.0.tgz",
          "integrity": "sha512-DpLh5EzMR2kzvX1KIlVC0VkC3iZtHKTgdtZ0a3pglBZdaQFjt5S9g9xd1lE+YvXyfd6mtCeRnrUfOLYiTMlNSw=="
        }
      }
    }
  }
}
