{
  "name": "stretchly",
  "version": "0.17.0",
  "lockfileVersion": 1,
  "requires": true,
  "dependencies": {
    "@paulcbetts/system-idle-time": {
      "version": "1.0.4",
      "resolved": "https://registry.npmjs.org/@paulcbetts/system-idle-time/-/system-idle-time-1.0.4.tgz",
      "integrity": "sha1-F7J1UwF21yaVZGOAsTt5ckKIscY=",
      "requires": {
        "bindings": "1.2.1",
        "nan": "2.7.0"
      }
    },
    "argparse": {
      "version": "1.0.9",
      "resolved": "https://registry.npmjs.org/argparse/-/argparse-1.0.9.tgz",
      "integrity": "sha1-c9g7wmP4bpf4zE9rrhsOkKfSLIY=",
      "requires": {
        "sprintf-js": "1.0.3"
      }
    },
    "bindings": {
      "version": "1.2.1",
      "resolved": "https://registry.npmjs.org/bindings/-/bindings-1.2.1.tgz",
      "integrity": "sha1-FK1hE4EtLTfXLme0ystLtyZQXxE="
    },
    "esprima": {
      "version": "2.7.3",
      "resolved": "https://registry.npmjs.org/esprima/-/esprima-2.7.3.tgz",
      "integrity": "sha1-luO3DVd59q1JzQMmc9HDEnZ7pYE="
    },
    "i18next": {
      "version": "11.2.3",
      "resolved": "https://registry.npmjs.org/i18next/-/i18next-11.2.3.tgz",
      "integrity": "sha512-RixAuXma0Q5vXxyiYJs2Hm3/WiWfdeX+UorTDRaLVz/r7t89dDzmFNGdIM9j0PxJLQby/s3uQ9/oCUv5J9nLWw=="
    },
    "i18next-node-fs-backend": {
      "version": "1.0.0",
      "resolved": "https://registry.npmjs.org/i18next-node-fs-backend/-/i18next-node-fs-backend-1.0.0.tgz",
      "integrity": "sha1-9aYlo7KHwdCYxxcbfdN2uwcpm1k=",
      "requires": {
        "js-yaml": "3.5.4",
        "json5": "0.5.0"
      }
    },
    "js-yaml": {
      "version": "3.5.4",
      "resolved": "https://registry.npmjs.org/js-yaml/-/js-yaml-3.5.4.tgz",
      "integrity": "sha1-9k8W3NeL65zoNhBo5zPr5HsHkXk=",
      "requires": {
        "argparse": "1.0.9",
        "esprima": "2.7.3"
      }
    },
    "json5": {
      "version": "0.5.0",
      "resolved": "https://registry.npmjs.org/json5/-/json5-0.5.0.tgz",
      "integrity": "sha1-myBxWwJsvjd4/Xae3M2CLYMypbI="
    },
    "nan": {
      "version": "2.7.0",
      "resolved": "https://registry.npmjs.org/nan/-/nan-2.7.0.tgz",
      "integrity": "sha1-2Vv3IeyHfgjbJ27T/G63j5CDrUY="
    },
    "sprintf-js": {
      "version": "1.0.3",
      "resolved": "https://registry.npmjs.org/sprintf-js/-/sprintf-js-1.0.3.tgz",
      "integrity": "sha1-BOaSb2YolTVPPdAVIDYzuFcpfiw="
    }
  }
}
