{
  "name": "stretchly",
  "version": "0.11.0",
  "lockfileVersion": 1,
  "requires": true,
  "dependencies": {
    "@paulcbetts/system-idle-time": {
      "version": "1.0.4",
      "resolved": "https://registry.npmjs.org/@paulcbetts/system-idle-time/-/system-idle-time-1.0.4.tgz",
      "integrity": "sha1-F7J1UwF21yaVZGOAsTt5ckKIscY=",
      "requires": {
        "bindings": "1.2.1",
        "nan": "2.7.0"
      }
    },
    "bindings": {
      "version": "1.2.1",
      "resolved": "https://registry.npmjs.org/bindings/-/bindings-1.2.1.tgz",
      "integrity": "sha1-FK1hE4EtLTfXLme0ystLtyZQXxE="
    },
    "nan": {
      "version": "2.7.0",
      "resolved": "https://registry.npmjs.org/nan/-/nan-2.7.0.tgz",
      "integrity": "sha1-2Vv3IeyHfgjbJ27T/G63j5CDrUY="
    }
  }
}
